
Microsoft Visual Studio Solution File, Format Version 12.00
# Visual Studio Version 17
VisualStudioVersion = 17.0.32112.339
MinimumVisualStudioVersion = 10.0.40219.1
Project("{FAE04EC0-301F-11D3-BF4B-00C04F79EFBC}") = "TrackerLibrary", "TrackerLibrary\TrackerLibrary.csproj", "{0A027B55-18DD-41C0-A3E7-861DB529C503}"
EndProject
Project("{FAE04EC0-301F-11D3-BF4B-00C04F79EFBC}") = "TrackerUI", "TrackerUI\TrackerUI.csproj", "{327DFE56-1B93-4970-9B21-EC4C75C22499}"
EndProject
Global
	GlobalSection(SolutionConfigurationPlatforms) = preSolution
		Debug|Any CPU = Debug|Any CPU
		Release|Any CPU = Release|Any CPU
	EndGlobalSection
	GlobalSection(ProjectConfigurationPlatforms) = postSolution
		{0A027B55-18DD-41C0-A3E7-861DB529C503}.Debug|Any CPU.ActiveCfg = Debug|Any CPU
		{0A027B55-18DD-41C0-A3E7-861DB529C503}.Debug|Any CPU.Build.0 = Debug|Any CPU
		{0A027B55-18DD-41C0-A3E7-861DB529C503}.Release|Any CPU.ActiveCfg = Release|Any CPU
		{0A027B55-18DD-41C0-A3E7-861DB529C503}.Release|Any CPU.Build.0 = Release|Any CPU
		{327DFE56-1B93-4970-9B21-EC4C75C22499}.Debug|Any CPU.ActiveCfg = Debug|Any CPU
		{327DFE56-1B93-4970-9B21-EC4C75C22499}.Debug|Any CPU.Build.0 = Debug|Any CPU
		{327DFE56-1B93-4970-9B21-EC4C75C22499}.Release|Any CPU.ActiveCfg = Release|Any CPU
		{327DFE56-1B93-4970-9B21-EC4C75C22499}.Release|Any CPU.Build.0 = Release|Any CPU
	EndGlobalSection
	GlobalSection(SolutionProperties) = preSolution
		HideSolutionNode = FALSE
	EndGlobalSection
	GlobalSection(ExtensibilityGlobals) = postSolution
		SolutionGuid = {FA74A4E5-A283-4F23-AE94-7CB04CCC6C4C}
	EndGlobalSection
EndGlobal
